
Microsoft Visual Studio Solution File, Format Version 12.00
Project("{FAE04EC0-301F-11D3-BF4B-00C04F79EFBC}") = "Infrastructure", "Infrastructure\Infrastructure.csproj", "{C2ED5A82-A30B-49D8-9E22-86D17F38857A}"
EndProject
Global
	GlobalSection(SolutionConfigurationPlatforms) = preSolution
		Debug|Any CPU = Debug|Any CPU
		Release|Any CPU = Release|Any CPU
	EndGlobalSection
	GlobalSection(ProjectConfigurationPlatforms) = postSolution
		{C2ED5A82-A30B-49D8-9E22-86D17F38857A}.Debug|Any CPU.ActiveCfg = Debug|Any CPU
		{C2ED5A82-A30B-49D8-9E22-86D17F38857A}.Debug|Any CPU.Build.0 = Debug|Any CPU
		{C2ED5A82-A30B-49D8-9E22-86D17F38857A}.Release|Any CPU.ActiveCfg = Release|Any CPU
		{C2ED5A82-A30B-49D8-9E22-86D17F38857A}.Release|Any CPU.Build.0 = Release|Any CPU
	EndGlobalSection
EndGlobal
