
Microsoft Visual Studio Solution File, Format Version 12.00
Project("{FAE04EC0-301F-11D3-BF4B-00C04F79EFBC}") = "Api", "Api\Api.csproj", "{338D799C-E5C3-4BB3-A253-2C5F235A1501}"
EndProject
Project("{FAE04EC0-301F-11D3-BF4B-00C04F79EFBC}") = "Application", "Application\Application.csproj", "{430CC6CC-BBCE-4021-B5EC-DE8B9DBE6017}"
EndProject
Project("{FAE04EC0-301F-11D3-BF4B-00C04F79EFBC}") = "Domain", "Domain\Domain.csproj", "{0CA4FD85-3F35-4FDE-9A89-5B129D538CBF}"
EndProject
Project("{FAE04EC0-301F-11D3-BF4B-00C04F79EFBC}") = "Infrastructure", "Infrastructure\Infrastructure.csproj", "{E45F82B3-5229-4381-A8E2-8D9B6A10D82B}"
EndProject
Project("{FAE04EC0-301F-11D3-BF4B-00C04F79EFBC}") = "Tests", "Tests\Tests.csproj", "{B0F0BFB1-06FD-4E91-8DB2-AE6A2F76D9A6}"
EndProject
Global
	GlobalSection(SolutionConfigurationPlatforms) = preSolution
		Debug|Any CPU = Debug|Any CPU
		Release|Any CPU = Release|Any CPU
	EndGlobalSection
	GlobalSection(ProjectConfigurationPlatforms) = postSolution
		{338D799C-E5C3-4BB3-A253-2C5F235A1501}.Debug|Any CPU.ActiveCfg = Debug|Any CPU
		{338D799C-E5C3-4BB3-A253-2C5F235A1501}.Debug|Any CPU.Build.0 = Debug|Any CPU
		{338D799C-E5C3-4BB3-A253-2C5F235A1501}.Release|Any CPU.ActiveCfg = Release|Any CPU
		{338D799C-E5C3-4BB3-A253-2C5F235A1501}.Release|Any CPU.Build.0 = Release|Any CPU
		{430CC6CC-BBCE-4021-B5EC-DE8B9DBE6017}.Debug|Any CPU.ActiveCfg = Debug|Any CPU
		{430CC6CC-BBCE-4021-B5EC-DE8B9DBE6017}.Debug|Any CPU.Build.0 = Debug|Any CPU
		{430CC6CC-BBCE-4021-B5EC-DE8B9DBE6017}.Release|Any CPU.ActiveCfg = Release|Any CPU
		{430CC6CC-BBCE-4021-B5EC-DE8B9DBE6017}.Release|Any CPU.Build.0 = Release|Any CPU
		{0CA4FD85-3F35-4FDE-9A89-5B129D538CBF}.Debug|Any CPU.ActiveCfg = Debug|Any CPU
		{0CA4FD85-3F35-4FDE-9A89-5B129D538CBF}.Debug|Any CPU.Build.0 = Debug|Any CPU
		{0CA4FD85-3F35-4FDE-9A89-5B129D538CBF}.Release|Any CPU.ActiveCfg = Release|Any CPU
		{0CA4FD85-3F35-4FDE-9A89-5B129D538CBF}.Release|Any CPU.Build.0 = Release|Any CPU
		{E45F82B3-5229-4381-A8E2-8D9B6A10D82B}.Debug|Any CPU.ActiveCfg = Debug|Any CPU
		{E45F82B3-5229-4381-A8E2-8D9B6A10D82B}.Debug|Any CPU.Build.0 = Debug|Any CPU
		{E45F82B3-5229-4381-A8E2-8D9B6A10D82B}.Release|Any CPU.ActiveCfg = Release|Any CPU
		{E45F82B3-5229-4381-A8E2-8D9B6A10D82B}.Release|Any CPU.Build.0 = Release|Any CPU
		{B0F0BFB1-06FD-4E91-8DB2-AE6A2F76D9A6}.Debug|Any CPU.ActiveCfg = Debug|Any CPU
		{B0F0BFB1-06FD-4E91-8DB2-AE6A2F76D9A6}.Debug|Any CPU.Build.0 = Debug|Any CPU
		{B0F0BFB1-06FD-4E91-8DB2-AE6A2F76D9A6}.Release|Any CPU.ActiveCfg = Release|Any CPU
		{B0F0BFB1-06FD-4E91-8DB2-AE6A2F76D9A6}.Release|Any CPU.Build.0 = Release|Any CPU
	EndGlobalSection
EndGlobal
